
Microsoft Visual Studio Solution File, Format Version 12.00
# Visual Studio Version 16
VisualStudioVersion = 16.0.31410.357
MinimumVisualStudioVersion = 10.0.40219.1
Project("{FAE04EC0-301F-11D3-BF4B-00C04F79EFBC}") = "WindowsFormsAppalo", "WindowsFormsAppalo\WindowsFormsAppalo.csproj", "{A1E1CE77-A2FD-4B11-A667-98E83A6A516A}"
EndProject
Global
	GlobalSection(SolutionConfigurationPlatforms) = preSolution
		Debug|Any CPU = Debug|Any CPU
		Release|Any CPU = Release|Any CPU
	EndGlobalSection
	GlobalSection(ProjectConfigurationPlatforms) = postSolution
		{A1E1CE77-A2FD-4B11-A667-98E83A6A516A}.Debug|Any CPU.ActiveCfg = Debug|Any CPU
		{A1E1CE77-A2FD-4B11-A667-98E83A6A516A}.Debug|Any CPU.Build.0 = Debug|Any CPU
		{A1E1CE77-A2FD-4B11-A667-98E83A6A516A}.Release|Any CPU.ActiveCfg = Release|Any CPU
		{A1E1CE77-A2FD-4B11-A667-98E83A6A516A}.Release|Any CPU.Build.0 = Release|Any CPU
	EndGlobalSection
	GlobalSection(SolutionProperties) = preSolution
		HideSolutionNode = FALSE
	EndGlobalSection
	GlobalSection(ExtensibilityGlobals) = postSolution
		SolutionGuid = {C2EBB60F-7B4B-4544-A236-177E3D92A2A4}
	EndGlobalSection
EndGlobal
